// !$*UTF8*$!
{
	archiveVersion = 1;
	classes = {
	};
	objectVersion = 46;
	objects = {

/* Begin PBXBuildFile section */
		C4D5290B1C78039800F0A835 /* AppDelegate.swift in Sources */ = {isa = PBXBuildFile; fileRef = C4D5290A1C78039800F0A835 /* AppDelegate.swift */; };
		C4D5290D1C78039800F0A835 /* ViewController.swift in Sources */ = {isa = PBXBuildFile; fileRef = C4D5290C1C78039800F0A835 /* ViewController.swift */; };
		C4D529101C78039800F0A835 /* Main.storyboard in Resources */ = {isa = PBXBuildFile; fileRef = C4D5290E1C78039800F0A835 /* Main.storyboard */; };
		C4D529121C78039800F0A835 /* Assets.xcassets in Resources */ = {isa = PBXBuildFile; fileRef = C4D529111C78039800F0A835 /* Assets.xcassets */; };
		C4D529151C78039800F0A835 /* LaunchScreen.storyboard in Resources */ = {isa = PBXBuildFile; fileRef = C4D529131C78039800F0A835 /* LaunchScreen.storyboard */; };
/* End PBXBuildFile section */

/* Begin PBXFileReference section */
		C4D529071C78039800F0A835 /* BasicUITableView.app */ = {isa = PBXFileReference; explicitFileType = wrapper.application; includeInIndex = 0; path = BasicUITableView.app; sourceTree = BUILT_PRODUCTS_DIR; };
		C4D5290A1C78039800F0A835 /* AppDelegate.swift */ = {isa = PBXFileReference; lastKnownFileType = sourcecode.swift; path = AppDelegate.swift; sourceTree = "<group>"; };
		C4D5290C1C78039800F0A835 /* ViewController.swift */ = {isa = PBXFileReference; lastKnownFileType = sourcecode.swift; path = ViewController.swift; sourceTree = "<group>"; };
		C4D5290F1C78039800F0A835 /* Base */ = {isa = PBXFileReference; lastKnownFileType = file.storyboard; name = Base; path = Base.lproj/Main.storyboard; sourceTree = "<group>"; };
		C4D529111C78039800F0A835 /* Assets.xcassets */ = {isa = PBXFileReference; lastKnownFileType = folder.assetcatalog; path = Assets.xcassets; sourceTree = "<group>"; };
		C4D529141C78039800F0A835 /* Base */ = {isa = PBXFileReference; lastKnownFileType = file.storyboard; name = Base; path = Base.lproj/LaunchScreen.storyboard; sourceTree = "<group>"; };
		C4D529161C78039800F0A835 /* Info.plist */ = {isa = PBXFileReference; lastKnownFileType = text.plist.xml; path = Info.plist; sourceTree = "<group>"; };
/* End PBXFileReference section */

/* Begin PBXFrameworksBuildPhase section */
		C4D529041C78039800F0A835 /* Frameworks */ = {
			isa = PBXFrameworksBuildPhase;
			buildActionMask = 2147483647;
			files = (
			);
			runOnlyForDeploymentPostprocessing = 0;
		};
/* End PBXFrameworksBuildPhase section */

/* Begin PBXGroup section */
		C4D528FE1C78039800F0A835 = {
			isa = PBXGroup;
			children = (
				C4D529091C78039800F0A835 /* BasicUITableView */,
				C4D529081C78039800F0A835 /* Products */,
			);
			sourceTree = "<group>";
		};
		C4D529081C78039800F0A835 /* Products */ = {
			isa = PBXGroup;
			children = (
				C4D529071C78039800F0A835 /* BasicUITableView.app */,
			);
			name = Products;
			sourceTree = "<group>";
		};
		C4D529091C78039800F0A835 /* BasicUITableView */ = {
			isa = PBXGroup;
			children = (
				C4D5290A1C78039800F0A835 /* AppDelegate.swift */,
				C4D5290C1C78039800F0A835 /* ViewController.swift */,
				C4D5290E1C78039800F0A835 /* Main.storyboard */,
				C4D529111C78039800F0A835 /* Assets.xcassets */,
				C4D529131C78039800F0A835 /* LaunchScreen.storyboard */,
				C4D529161C78039800F0A835 /* Info.plist */,
			);
			path = BasicUITableView;
			sourceTree = "<group>";
		};
/* End PBXGroup section */

/* Begin PBXNativeTarget section */
		C4D529061C78039800F0A835 /* BasicUITableView */ = {
			isa = PBXNativeTarget;
			buildConfigurationList = C4D529191C78039800F0A835 /* Build configuration list for PBXNativeTarget "BasicUITableView" */;
			buildPhases = (
				C4D529031C78039800F0A835 /* Sources */,
				C4D529041C78039800F0A835 /* Frameworks */,
				C4D529051C78039800F0A835 /* Resources */,
			);
			buildRules = (
			);
			dependencies = (
			);
			name = BasicUITableView;
			productName = BasicUITableView;
			productReference = C4D529071C78039800F0A835 /* BasicUITableView.app */;
			productType = "com.apple.product-type.application";
		};
/* End PBXNativeTarget section */

/* Begin PBXProject section */
		C4D528FF1C78039800F0A835 /* Project object */ = {
			isa = PBXProject;
			attributes = {
				LastSwiftUpdateCheck = 0720;
				LastUpgradeCheck = 0720;
				ORGANIZATIONNAME = www.coolketang.com;
				TargetAttributes = {
					C4D529061C78039800F0A835 = {
						CreatedOnToolsVersion = 7.2;
						LastSwiftMigration = 0800;
					};
				};
			};
			buildConfigurationList = C4D529021C78039800F0A835 /* Build configuration list for PBXProject "BasicUITableView" */;
			compatibilityVersion = "Xcode 3.2";
			developmentRegion = English;
			hasScannedForEncodings = 0;
			knownRegions = (
				en,
				Base,
			);
			mainGroup = C4D528FE1C78039800F0A835;
			productRefGroup = C4D529081C78039800F0A835 /* Products */;
			projectDirPath = "";
			projectRoot = "";
			targets = (
				C4D529061C78039800F0A835 /* BasicUITableView */,
			);
		};
/* End PBXProject section */

/* Begin PBXResourcesBuildPhase section */
		C4D529051C78039800F0A835 /* Resources */ = {
			isa = PBXResourcesBuildPhase;
			buildActionMask = 2147483647;
			files = (
				C4D529151C78039800F0A835 /* LaunchScreen.storyboard in Resources */,
				C4D529121C78039800F0A835 /* Assets.xcassets in Resources */,
				C4D529101C78039800F0A835 /* Main.storyboard in Resources */,
			);
			runOnlyForDeploymentPostprocessing = 0;
		};
/* End PBXResourcesBuildPhase section */

/* Begin PBXSourcesBuildPhase section */
		C4D529031C78039800F0A835 /* Sources */ = {
			isa = PBXSourcesBuildPhase;
			buildActionMask = 2147483647;
			files = (
				C4D5290D1C78039800F0A835 /* ViewController.swift in Sources */,
				C4D5290B1C78039800F0A835 /* AppDelegate.swift in Sources */,
			);
			runOnlyForDeploymentPostprocessing = 0;
		};
/* End PBXSourcesBuildPhase section */

/* Begin PBXVariantGroup section */
		C4D5290E1C78039800F0A835 /* Main.storyboard */ = {
			isa = PBXVariantGroup;
			children = (
				C4D5290F1C78039800F0A835 /* Base */,
			);
			name = Main.storyboard;
			sourceTree = "<group>";
		};
		C4D529131C78039800F0A835 /* LaunchScreen.storyboard */ = {
			isa = PBXVariantGroup;
			children = (
				C4D529141C78039800F0A835 /* Base */,
			);
			name = LaunchScreen.storyboard;
			sourceTree = "<group>";
		};
/* End PBXVariantGroup section */

/* Begin XCBuildConfiguration section */
		C4D529171C78039800F0A835 /* Debug */ = {
			isa = XCBuildConfiguration;
			buildSettings = {
				ALWAYS_SEARCH_USER_PATHS = NO;
				CLANG_CXX_LANGUAGE_STANDARD = "gnu++0x";
				CLANG_CXX_LIBRARY = "libc++";
				CLANG_ENABLE_MODULES = YES;
				CLANG_ENABLE_OBJC_ARC = YES;
				CLANG_WARN_BOOL_CONVERSION = YES;
				CLANG_WARN_CONSTANT_CONVERSION = YES;
				CLANG_WARN_DIRECT_OBJC_ISA_USAGE = YES_ERROR;
				CLANG_WARN_EMPTY_BODY = YES;
				CLANG_WARN_ENUM_CONVERSION = YES;
				CLANG_WARN_INT_CONVERSION = YES;
				CLANG_WARN_OBJC_ROOT_CLASS = YES_ERROR;
				CLANG_WARN_UNREACHABLE_CODE = YES;
				CLANG_WARN__DUPLICATE_METHOD_MATCH = YES;
				"CODE_SIGN_IDENTITY[sdk=iphoneos*]" = "iPhone Developer";
				COPY_PHASE_STRIP = NO;
				DEBUG_INFORMATION_FORMAT = dwarf;
				ENABLE_STRICT_OBJC_MSGSEND = YES;
				ENABLE_TESTABILITY = YES;
				GCC_C_LANGUAGE_STANDARD = gnu99;
				GCC_DYNAMIC_NO_PIC = NO;
				GCC_NO_COMMON_BLOCKS = YES;
				GCC_OPTIMIZATION_LEVEL = 0;
				GCC_PREPROCESSOR_DEFINITIONS = (
					"DEBUG=1",
					"$(inherited)",
				);
				GCC_WARN_64_TO_32_BIT_CONVERSION = YES;
				GCC_WARN_ABOUT_RETURN_TYPE = YES_ERROR;
				GCC_WARN_UNDECLARED_SELECTOR = YES;
				GCC_WARN_UNINITIALIZED_AUTOS = YES_AGGRESSIVE;
				GCC_WARN_UNUSED_FUNCTION = YES;
				GCC_WARN_UNUSED_VARIABLE = YES;
				IPHONEOS_DEPLOYMENT_TARGET = 9.2;
				MTL_ENABLE_DEBUG_INFO = YES;
				ONLY_ACTIVE_ARCH = YES;
				SDKROOT = iphoneos;
				SWIFT_OPTIMIZATION_LEVEL = "-Onone";
			};
			name = Debug;
		};
		C4D529181C78039800F0A835 /* Release */ = {
			isa = XCBuildConfiguration;
			buildSettings = {
				ALWAYS_SEARCH_USER_PATHS = NO;
				CLANG_CXX_LANGUAGE_STANDARD = "gnu++0x";
				CLANG_CXX_LIBRARY = "libc++";
				CLANG_ENABLE_MODULES = YES;
				CLANG_ENABLE_OBJC_ARC = YES;
				CLANG_WARN_BOOL_CONVERSION = YES;
				CLANG_WARN_CONSTANT_CONVERSION = YES;
				CLANG_WARN_DIRECT_OBJC_ISA_USAGE = YES_ERROR;
				CLANG_WARN_EMPTY_BODY = YES;
				CLANG_WARN_ENUM_CONVERSION = YES;
				CLANG_WARN_INT_CONVERSION = YES;
				CLANG_WARN_OBJC_ROOT_CLASS = YES_ERROR;
				CLANG_WARN_UNREACHABLE_CODE = YES;
				CLANG_WARN__DUPLICATE_METHOD_MATCH = YES;
				"CODE_SIGN_IDENTITY[sdk=iphoneos*]" = "iPhone Developer";
				COPY_PHASE_STRIP = NO;
				DEBUG_INFORMATION_FORMAT = "dwarf-with-dsym";
				ENABLE_NS_ASSERTIONS = NO;
				ENABLE_STRICT_OBJC_MSGSEND = YES;
				GCC_C_LANGUAGE_STANDARD = gnu99;
				GCC_NO_COMMON_BLOCKS = YES;
				GCC_WARN_64_TO_32_BIT_CONVERSION = YES;
				GCC_WARN_ABOUT_RETURN_TYPE = YES_ERROR;
				GCC_WARN_UNDECLARED_SELECTOR = YES;
				GCC_WARN_UNINITIALIZED_AUTOS = YES_AGGRESSIVE;
				GCC_WARN_UNUSED_FUNCTION = YES;
				GCC_WARN_UNUSED_VARIABLE = YES;
				IPHONEOS_DEPLOYMENT_TARGET = 9.2;
				MTL_ENABLE_DEBUG_INFO = NO;
				SDKROOT = iphoneos;
				VALIDATE_PRODUCT = YES;
			};
			name = Release;
		};
		C4D5291A1C78039800F0A835 /* Debug */ = {
			isa = XCBuildConfiguration;
			buildSettings = {
				ASSETCATALOG_COMPILER_APPICON_NAME = AppIcon;
				INFOPLIST_FILE = BasicUITableView/Info.plist;
				LD_RUNPATH_SEARCH_PATHS = "$(inherited) @executable_path/Frameworks";
				PRODUCT_BUNDLE_IDENTIFIER = com.coolketang.BasicUITableView;
				PRODUCT_NAME = "$(TARGET_NAME)";
				SWIFT_VERSION = 3.0;
			};
			name = Debug;
		};
		C4D5291B1C78039800F0A835 /* Release */ = {
			isa = XCBuildConfiguration;
			buildSettings = {
				ASSETCATALOG_COMPILER_APPICON_NAME = AppIcon;
				INFOPLIST_FILE = BasicUITableView/Info.plist;
				LD_RUNPATH_SEARCH_PATHS = "$(inherited) @executable_path/Frameworks";
				PRODUCT_BUNDLE_IDENTIFIER = com.coolketang.BasicUITableView;
				PRODUCT_NAME = "$(TARGET_NAME)";
				SWIFT_VERSION = 3.0;
			};
			name = Release;
		};
/* End XCBuildConfiguration section */

/* Begin XCConfigurationList section */
		C4D529021C78039800F0A835 /* Build configuration list for PBXProject "BasicUITableView" */ = {
			isa = XCConfigurationList;
			buildConfigurations = (
				C4D529171C78039800F0A835 /* Debug */,
				C4D529181C78039800F0A835 /* Release */,
			);
			defaultConfigurationIsVisible = 0;
			defaultConfigurationName = Release;
		};
		C4D529191C78039800F0A835 /* Build configuration list for PBXNativeTarget "BasicUITableView" */ = {
			isa = XCConfigurationList;
			buildConfigurations = (
				C4D5291A1C78039800F0A835 /* Debug */,
				C4D5291B1C78039800F0A835 /* Release */,
			);
			defaultConfigurationIsVisible = 0;
			defaultConfigurationName = Release;
		};
/* End XCConfigurationList section */
	};
	rootObject = C4D528FF1C78039800F0A835 /* Project object */;
}
