// !$*UTF8*$!
{
	archiveVersion = 1;
	classes = {
	};
	objectVersion = 46;
	objects = {

/* Begin PBXBuildFile section */
		C4A48ADA1D3741BA00F455C9 /* AppDelegate.swift in Sources */ = {isa = PBXBuildFile; fileRef = C4A48AD91D3741BA00F455C9 /* AppDelegate.swift */; };
		C4A48ADC1D3741BA00F455C9 /* ViewController.swift in Sources */ = {isa = PBXBuildFile; fileRef = C4A48ADB1D3741BA00F455C9 /* ViewController.swift */; };
		C4A48ADF1D3741BA00F455C9 /* Main.storyboard in Resources */ = {isa = PBXBuildFile; fileRef = C4A48ADD1D3741BA00F455C9 /* Main.storyboard */; };
		C4A48AE11D3741BA00F455C9 /* Assets.xcassets in Resources */ = {isa = PBXBuildFile; fileRef = C4A48AE01D3741BA00F455C9 /* Assets.xcassets */; };
		C4A48AE41D3741BA00F455C9 /* LaunchScreen.storyboard in Resources */ = {isa = PBXBuildFile; fileRef = C4A48AE21D3741BA00F455C9 /* LaunchScreen.storyboard */; };
/* End PBXBuildFile section */

/* Begin PBXFileReference section */
		C4A48AD61D3741BA00F455C9 /* 9.3.1Use3DTouch_Demo.app */ = {isa = PBXFileReference; explicitFileType = wrapper.application; includeInIndex = 0; path = 9.3.1Use3DTouch_Demo.app; sourceTree = BUILT_PRODUCTS_DIR; };
		C4A48AD91D3741BA00F455C9 /* AppDelegate.swift */ = {isa = PBXFileReference; lastKnownFileType = sourcecode.swift; path = AppDelegate.swift; sourceTree = "<group>"; };
		C4A48ADB1D3741BA00F455C9 /* ViewController.swift */ = {isa = PBXFileReference; lastKnownFileType = sourcecode.swift; path = ViewController.swift; sourceTree = "<group>"; };
		C4A48ADE1D3741BA00F455C9 /* Base */ = {isa = PBXFileReference; lastKnownFileType = file.storyboard; name = Base; path = Base.lproj/Main.storyboard; sourceTree = "<group>"; };
		C4A48AE01D3741BA00F455C9 /* Assets.xcassets */ = {isa = PBXFileReference; lastKnownFileType = folder.assetcatalog; path = Assets.xcassets; sourceTree = "<group>"; };
		C4A48AE31D3741BA00F455C9 /* Base */ = {isa = PBXFileReference; lastKnownFileType = file.storyboard; name = Base; path = Base.lproj/LaunchScreen.storyboard; sourceTree = "<group>"; };
		C4A48AE51D3741BA00F455C9 /* Info.plist */ = {isa = PBXFileReference; lastKnownFileType = text.plist.xml; path = Info.plist; sourceTree = "<group>"; };
/* End PBXFileReference section */

/* Begin PBXFrameworksBuildPhase section */
		C4A48AD31D3741BA00F455C9 /* Frameworks */ = {
			isa = PBXFrameworksBuildPhase;
			buildActionMask = 2147483647;
			files = (
			);
			runOnlyForDeploymentPostprocessing = 0;
		};
/* End PBXFrameworksBuildPhase section */

/* Begin PBXGroup section */
		C4A48ACD1D3741BA00F455C9 = {
			isa = PBXGroup;
			children = (
				C4A48AD81D3741BA00F455C9 /* 9.3.1Use3DTouch_Demo */,
				C4A48AD71D3741BA00F455C9 /* Products */,
			);
			sourceTree = "<group>";
		};
		C4A48AD71D3741BA00F455C9 /* Products */ = {
			isa = PBXGroup;
			children = (
				C4A48AD61D3741BA00F455C9 /* 9.3.1Use3DTouch_Demo.app */,
			);
			name = Products;
			sourceTree = "<group>";
		};
		C4A48AD81D3741BA00F455C9 /* 9.3.1Use3DTouch_Demo */ = {
			isa = PBXGroup;
			children = (
				C4A48AD91D3741BA00F455C9 /* AppDelegate.swift */,
				C4A48ADB1D3741BA00F455C9 /* ViewController.swift */,
				C4A48ADD1D3741BA00F455C9 /* Main.storyboard */,
				C4A48AE01D3741BA00F455C9 /* Assets.xcassets */,
				C4A48AE21D3741BA00F455C9 /* LaunchScreen.storyboard */,
				C4A48AE51D3741BA00F455C9 /* Info.plist */,
			);
			path = 9.3.1Use3DTouch_Demo;
			sourceTree = "<group>";
		};
/* End PBXGroup section */

/* Begin PBXNativeTarget section */
		C4A48AD51D3741BA00F455C9 /* 9.3.1Use3DTouch_Demo */ = {
			isa = PBXNativeTarget;
			buildConfigurationList = C4A48AE81D3741BA00F455C9 /* Build configuration list for PBXNativeTarget "9.3.1Use3DTouch_Demo" */;
			buildPhases = (
				C4A48AD21D3741BA00F455C9 /* Sources */,
				C4A48AD31D3741BA00F455C9 /* Frameworks */,
				C4A48AD41D3741BA00F455C9 /* Resources */,
			);
			buildRules = (
			);
			dependencies = (
			);
			name = 9.3.1Use3DTouch_Demo;
			productName = 9.3.1Use3DTouch_Demo;
			productReference = C4A48AD61D3741BA00F455C9 /* 9.3.1Use3DTouch_Demo.app */;
			productType = "com.apple.product-type.application";
		};
/* End PBXNativeTarget section */

/* Begin PBXProject section */
		C4A48ACE1D3741BA00F455C9 /* Project object */ = {
			isa = PBXProject;
			attributes = {
				LastSwiftUpdateCheck = 0800;
				LastUpgradeCheck = 0800;
				ORGANIZATIONNAME = www.coolketang.com;
				TargetAttributes = {
					C4A48AD51D3741BA00F455C9 = {
						CreatedOnToolsVersion = 8.0;
						DevelopmentTeam = N43JNYX84B;
						DevelopmentTeamName = "Li Fazhan";
						ProvisioningStyle = Automatic;
					};
				};
			};
			buildConfigurationList = C4A48AD11D3741BA00F455C9 /* Build configuration list for PBXProject "9.3.1Use3DTouch_Demo" */;
			compatibilityVersion = "Xcode 3.2";
			developmentRegion = English;
			hasScannedForEncodings = 0;
			knownRegions = (
				en,
				Base,
			);
			mainGroup = C4A48ACD1D3741BA00F455C9;
			productRefGroup = C4A48AD71D3741BA00F455C9 /* Products */;
			projectDirPath = "";
			projectRoot = "";
			targets = (
				C4A48AD51D3741BA00F455C9 /* 9.3.1Use3DTouch_Demo */,
			);
		};
/* End PBXProject section */

/* Begin PBXResourcesBuildPhase section */
		C4A48AD41D3741BA00F455C9 /* Resources */ = {
			isa = PBXResourcesBuildPhase;
			buildActionMask = 2147483647;
			files = (
				C4A48AE41D3741BA00F455C9 /* LaunchScreen.storyboard in Resources */,
				C4A48AE11D3741BA00F455C9 /* Assets.xcassets in Resources */,
				C4A48ADF1D3741BA00F455C9 /* Main.storyboard in Resources */,
			);
			runOnlyForDeploymentPostprocessing = 0;
		};
/* End PBXResourcesBuildPhase section */

/* Begin PBXSourcesBuildPhase section */
		C4A48AD21D3741BA00F455C9 /* Sources */ = {
			isa = PBXSourcesBuildPhase;
			buildActionMask = 2147483647;
			files = (
				C4A48ADC1D3741BA00F455C9 /* ViewController.swift in Sources */,
				C4A48ADA1D3741BA00F455C9 /* AppDelegate.swift in Sources */,
			);
			runOnlyForDeploymentPostprocessing = 0;
		};
/* End PBXSourcesBuildPhase section */

/* Begin PBXVariantGroup section */
		C4A48ADD1D3741BA00F455C9 /* Main.storyboard */ = {
			isa = PBXVariantGroup;
			children = (
				C4A48ADE1D3741BA00F455C9 /* Base */,
			);
			name = Main.storyboard;
			sourceTree = "<group>";
		};
		C4A48AE21D3741BA00F455C9 /* LaunchScreen.storyboard */ = {
			isa = PBXVariantGroup;
			children = (
				C4A48AE31D3741BA00F455C9 /* Base */,
			);
			name = LaunchScreen.storyboard;
			sourceTree = "<group>";
		};
/* End PBXVariantGroup section */

/* Begin XCBuildConfiguration section */
		C4A48AE61D3741BA00F455C9 /* Debug */ = {
			isa = XCBuildConfiguration;
			buildSettings = {
				ALWAYS_SEARCH_USER_PATHS = NO;
				CLANG_ANALYZER_NONNULL = YES;
				CLANG_CXX_LANGUAGE_STANDARD = "gnu++0x";
				CLANG_CXX_LIBRARY = "libc++";
				CLANG_ENABLE_MODULES = YES;
				CLANG_ENABLE_OBJC_ARC = YES;
				CLANG_WARN_BOOL_CONVERSION = YES;
				CLANG_WARN_CONSTANT_CONVERSION = YES;
				CLANG_WARN_DIRECT_OBJC_ISA_USAGE = YES_ERROR;
				CLANG_WARN_DOCUMENTATION_COMMENTS = YES;
				CLANG_WARN_EMPTY_BODY = YES;
				CLANG_WARN_ENUM_CONVERSION = YES;
				CLANG_WARN_INT_CONVERSION = YES;
				CLANG_WARN_OBJC_ROOT_CLASS = YES_ERROR;
				CLANG_WARN_UNREACHABLE_CODE = YES;
				CLANG_WARN__DUPLICATE_METHOD_MATCH = YES;
				"CODE_SIGN_IDENTITY[sdk=iphoneos*]" = "iPhone Developer";
				COPY_PHASE_STRIP = NO;
				DEBUG_INFORMATION_FORMAT = dwarf;
				ENABLE_STRICT_OBJC_MSGSEND = YES;
				ENABLE_TESTABILITY = YES;
				GCC_C_LANGUAGE_STANDARD = gnu99;
				GCC_DYNAMIC_NO_PIC = NO;
				GCC_NO_COMMON_BLOCKS = YES;
				GCC_OPTIMIZATION_LEVEL = 0;
				GCC_PREPROCESSOR_DEFINITIONS = (
					"DEBUG=1",
					"$(inherited)",
				);
				GCC_WARN_64_TO_32_BIT_CONVERSION = YES;
				GCC_WARN_ABOUT_RETURN_TYPE = YES_ERROR;
				GCC_WARN_UNDECLARED_SELECTOR = YES;
				GCC_WARN_UNINITIALIZED_AUTOS = YES_AGGRESSIVE;
				GCC_WARN_UNUSED_FUNCTION = YES;
				GCC_WARN_UNUSED_VARIABLE = YES;
				IPHONEOS_DEPLOYMENT_TARGET = 10.0;
				MTL_ENABLE_DEBUG_INFO = YES;
				ONLY_ACTIVE_ARCH = YES;
				SDKROOT = iphoneos;
				SWIFT_ACTIVE_COMPILATION_CONDITIONS = DEBUG;
				SWIFT_OPTIMIZATION_LEVEL = "-Onone";
				TARGETED_DEVICE_FAMILY = "1,2";
			};
			name = Debug;
		};
		C4A48AE71D3741BA00F455C9 /* Release */ = {
			isa = XCBuildConfiguration;
			buildSettings = {
				ALWAYS_SEARCH_USER_PATHS = NO;
				CLANG_ANALYZER_NONNULL = YES;
				CLANG_CXX_LANGUAGE_STANDARD = "gnu++0x";
				CLANG_CXX_LIBRARY = "libc++";
				CLANG_ENABLE_MODULES = YES;
				CLANG_ENABLE_OBJC_ARC = YES;
				CLANG_WARN_BOOL_CONVERSION = YES;
				CLANG_WARN_CONSTANT_CONVERSION = YES;
				CLANG_WARN_DIRECT_OBJC_ISA_USAGE = YES_ERROR;
				CLANG_WARN_DOCUMENTATION_COMMENTS = YES;
				CLANG_WARN_EMPTY_BODY = YES;
				CLANG_WARN_ENUM_CONVERSION = YES;
				CLANG_WARN_INT_CONVERSION = YES;
				CLANG_WARN_OBJC_ROOT_CLASS = YES_ERROR;
				CLANG_WARN_UNREACHABLE_CODE = YES;
				CLANG_WARN__DUPLICATE_METHOD_MATCH = YES;
				"CODE_SIGN_IDENTITY[sdk=iphoneos*]" = "iPhone Developer";
				COPY_PHASE_STRIP = NO;
				DEBUG_INFORMATION_FORMAT = "dwarf-with-dsym";
				ENABLE_NS_ASSERTIONS = NO;
				ENABLE_STRICT_OBJC_MSGSEND = YES;
				GCC_C_LANGUAGE_STANDARD = gnu99;
				GCC_NO_COMMON_BLOCKS = YES;
				GCC_WARN_64_TO_32_BIT_CONVERSION = YES;
				GCC_WARN_ABOUT_RETURN_TYPE = YES_ERROR;
				GCC_WARN_UNDECLARED_SELECTOR = YES;
				GCC_WARN_UNINITIALIZED_AUTOS = YES_AGGRESSIVE;
				GCC_WARN_UNUSED_FUNCTION = YES;
				GCC_WARN_UNUSED_VARIABLE = YES;
				IPHONEOS_DEPLOYMENT_TARGET = 10.0;
				MTL_ENABLE_DEBUG_INFO = NO;
				SDKROOT = iphoneos;
				SWIFT_OPTIMIZATION_LEVEL = "-Owholemodule";
				TARGETED_DEVICE_FAMILY = "1,2";
				VALIDATE_PRODUCT = YES;
			};
			name = Release;
		};
		C4A48AE91D3741BA00F455C9 /* Debug */ = {
			isa = XCBuildConfiguration;
			buildSettings = {
				ASSETCATALOG_COMPILER_APPICON_NAME = AppIcon;
				INFOPLIST_FILE = 9.3.1Use3DTouch_Demo/Info.plist;
				LD_RUNPATH_SEARCH_PATHS = "$(inherited) @executable_path/Frameworks";
				PRODUCT_BUNDLE_IDENTIFIER = "com.coolketang.--3-1Use3DTouch-Demo";
				PRODUCT_NAME = "$(TARGET_NAME)";
				SWIFT_VERSION = 3.0;
			};
			name = Debug;
		};
		C4A48AEA1D3741BA00F455C9 /* Release */ = {
			isa = XCBuildConfiguration;
			buildSettings = {
				ASSETCATALOG_COMPILER_APPICON_NAME = AppIcon;
				INFOPLIST_FILE = 9.3.1Use3DTouch_Demo/Info.plist;
				LD_RUNPATH_SEARCH_PATHS = "$(inherited) @executable_path/Frameworks";
				PRODUCT_BUNDLE_IDENTIFIER = "com.coolketang.--3-1Use3DTouch-Demo";
				PRODUCT_NAME = "$(TARGET_NAME)";
				SWIFT_VERSION = 3.0;
			};
			name = Release;
		};
/* End XCBuildConfiguration section */

/* Begin XCConfigurationList section */
		C4A48AD11D3741BA00F455C9 /* Build configuration list for PBXProject "9.3.1Use3DTouch_Demo" */ = {
			isa = XCConfigurationList;
			buildConfigurations = (
				C4A48AE61D3741BA00F455C9 /* Debug */,
				C4A48AE71D3741BA00F455C9 /* Release */,
			);
			defaultConfigurationIsVisible = 0;
			defaultConfigurationName = Release;
		};
		C4A48AE81D3741BA00F455C9 /* Build configuration list for PBXNativeTarget "9.3.1Use3DTouch_Demo" */ = {
			isa = XCConfigurationList;
			buildConfigurations = (
				C4A48AE91D3741BA00F455C9 /* Debug */,
				C4A48AEA1D3741BA00F455C9 /* Release */,
			);
			defaultConfigurationIsVisible = 0;
		};
/* End XCConfigurationList section */
	};
	rootObject = C4A48ACE1D3741BA00F455C9 /* Project object */;
}
