// !$*UTF8*$!
{
	archiveVersion = 1;
	classes = {
	};
	objectVersion = 46;
	objects = {

/* Begin PBXBuildFile section */
		C493636A1CFAAC9A0038C112 /* AppDelegate.swift in Sources */ = {isa = PBXBuildFile; fileRef = C49363691CFAAC9A0038C112 /* AppDelegate.swift */; };
		C493636C1CFAAC9A0038C112 /* ViewController.swift in Sources */ = {isa = PBXBuildFile; fileRef = C493636B1CFAAC9A0038C112 /* ViewController.swift */; };
		C493636F1CFAAC9B0038C112 /* Main.storyboard in Resources */ = {isa = PBXBuildFile; fileRef = C493636D1CFAAC9B0038C112 /* Main.storyboard */; };
		C49363711CFAAC9B0038C112 /* Assets.xcassets in Resources */ = {isa = PBXBuildFile; fileRef = C49363701CFAAC9B0038C112 /* Assets.xcassets */; };
		C49363741CFAAC9B0038C112 /* LaunchScreen.storyboard in Resources */ = {isa = PBXBuildFile; fileRef = C49363721CFAAC9B0038C112 /* LaunchScreen.storyboard */; };
		C493637C1CFAAEB40038C112 /* NewViewController.swift in Sources */ = {isa = PBXBuildFile; fileRef = C493637B1CFAAEB40038C112 /* NewViewController.swift */; };
/* End PBXBuildFile section */

/* Begin PBXFileReference section */
		C49363661CFAAC9A0038C112 /* UIViewOntrollerProject_CreateViewController.app */ = {isa = PBXFileReference; explicitFileType = wrapper.application; includeInIndex = 0; path = UIViewOntrollerProject_CreateViewController.app; sourceTree = BUILT_PRODUCTS_DIR; };
		C49363691CFAAC9A0038C112 /* AppDelegate.swift */ = {isa = PBXFileReference; lastKnownFileType = sourcecode.swift; path = AppDelegate.swift; sourceTree = "<group>"; };
		C493636B1CFAAC9A0038C112 /* ViewController.swift */ = {isa = PBXFileReference; lastKnownFileType = sourcecode.swift; path = ViewController.swift; sourceTree = "<group>"; };
		C493636E1CFAAC9B0038C112 /* Base */ = {isa = PBXFileReference; lastKnownFileType = file.storyboard; name = Base; path = Base.lproj/Main.storyboard; sourceTree = "<group>"; };
		C49363701CFAAC9B0038C112 /* Assets.xcassets */ = {isa = PBXFileReference; lastKnownFileType = folder.assetcatalog; path = Assets.xcassets; sourceTree = "<group>"; };
		C49363731CFAAC9B0038C112 /* Base */ = {isa = PBXFileReference; lastKnownFileType = file.storyboard; name = Base; path = Base.lproj/LaunchScreen.storyboard; sourceTree = "<group>"; };
		C49363751CFAAC9B0038C112 /* Info.plist */ = {isa = PBXFileReference; lastKnownFileType = text.plist.xml; path = Info.plist; sourceTree = "<group>"; };
		C493637B1CFAAEB40038C112 /* NewViewController.swift */ = {isa = PBXFileReference; fileEncoding = 4; lastKnownFileType = sourcecode.swift; path = NewViewController.swift; sourceTree = "<group>"; };
/* End PBXFileReference section */

/* Begin PBXFrameworksBuildPhase section */
		C49363631CFAAC9A0038C112 /* Frameworks */ = {
			isa = PBXFrameworksBuildPhase;
			buildActionMask = 2147483647;
			files = (
			);
			runOnlyForDeploymentPostprocessing = 0;
		};
/* End PBXFrameworksBuildPhase section */

/* Begin PBXGroup section */
		C493635D1CFAAC9A0038C112 = {
			isa = PBXGroup;
			children = (
				C49363681CFAAC9A0038C112 /* UIViewOntrollerProject_CreateViewController */,
				C49363671CFAAC9A0038C112 /* Products */,
			);
			sourceTree = "<group>";
		};
		C49363671CFAAC9A0038C112 /* Products */ = {
			isa = PBXGroup;
			children = (
				C49363661CFAAC9A0038C112 /* UIViewOntrollerProject_CreateViewController.app */,
			);
			name = Products;
			sourceTree = "<group>";
		};
		C49363681CFAAC9A0038C112 /* UIViewOntrollerProject_CreateViewController */ = {
			isa = PBXGroup;
			children = (
				C49363691CFAAC9A0038C112 /* AppDelegate.swift */,
				C493636B1CFAAC9A0038C112 /* ViewController.swift */,
				C493636D1CFAAC9B0038C112 /* Main.storyboard */,
				C49363701CFAAC9B0038C112 /* Assets.xcassets */,
				C49363721CFAAC9B0038C112 /* LaunchScreen.storyboard */,
				C49363751CFAAC9B0038C112 /* Info.plist */,
				C493637B1CFAAEB40038C112 /* NewViewController.swift */,
			);
			path = UIViewOntrollerProject_CreateViewController;
			sourceTree = "<group>";
		};
/* End PBXGroup section */

/* Begin PBXNativeTarget section */
		C49363651CFAAC9A0038C112 /* UIViewOntrollerProject_CreateViewController */ = {
			isa = PBXNativeTarget;
			buildConfigurationList = C49363781CFAAC9B0038C112 /* Build configuration list for PBXNativeTarget "UIViewOntrollerProject_CreateViewController" */;
			buildPhases = (
				C49363621CFAAC9A0038C112 /* Sources */,
				C49363631CFAAC9A0038C112 /* Frameworks */,
				C49363641CFAAC9A0038C112 /* Resources */,
			);
			buildRules = (
			);
			dependencies = (
			);
			name = UIViewOntrollerProject_CreateViewController;
			productName = UIViewOntrollerProject_CreateViewController;
			productReference = C49363661CFAAC9A0038C112 /* UIViewOntrollerProject_CreateViewController.app */;
			productType = "com.apple.product-type.application";
		};
/* End PBXNativeTarget section */

/* Begin PBXProject section */
		C493635E1CFAAC9A0038C112 /* Project object */ = {
			isa = PBXProject;
			attributes = {
				LastSwiftUpdateCheck = 0730;
				LastUpgradeCheck = 0730;
				ORGANIZATIONNAME = www.coolketang.com;
				TargetAttributes = {
					C49363651CFAAC9A0038C112 = {
						CreatedOnToolsVersion = 7.3;
						LastSwiftMigration = 0930;
					};
				};
			};
			buildConfigurationList = C49363611CFAAC9A0038C112 /* Build configuration list for PBXProject "UIViewOntrollerProject_CreateViewController" */;
			compatibilityVersion = "Xcode 3.2";
			developmentRegion = English;
			hasScannedForEncodings = 0;
			knownRegions = (
				en,
				Base,
			);
			mainGroup = C493635D1CFAAC9A0038C112;
			productRefGroup = C49363671CFAAC9A0038C112 /* Products */;
			projectDirPath = "";
			projectRoot = "";
			targets = (
				C49363651CFAAC9A0038C112 /* UIViewOntrollerProject_CreateViewController */,
			);
		};
/* End PBXProject section */

/* Begin PBXResourcesBuildPhase section */
		C49363641CFAAC9A0038C112 /* Resources */ = {
			isa = PBXResourcesBuildPhase;
			buildActionMask = 2147483647;
			files = (
				C49363741CFAAC9B0038C112 /* LaunchScreen.storyboard in Resources */,
				C49363711CFAAC9B0038C112 /* Assets.xcassets in Resources */,
				C493636F1CFAAC9B0038C112 /* Main.storyboard in Resources */,
			);
			runOnlyForDeploymentPostprocessing = 0;
		};
/* End PBXResourcesBuildPhase section */

/* Begin PBXSourcesBuildPhase section */
		C49363621CFAAC9A0038C112 /* Sources */ = {
			isa = PBXSourcesBuildPhase;
			buildActionMask = 2147483647;
			files = (
				C493637C1CFAAEB40038C112 /* NewViewController.swift in Sources */,
				C493636C1CFAAC9A0038C112 /* ViewController.swift in Sources */,
				C493636A1CFAAC9A0038C112 /* AppDelegate.swift in Sources */,
			);
			runOnlyForDeploymentPostprocessing = 0;
		};
/* End PBXSourcesBuildPhase section */

/* Begin PBXVariantGroup section */
		C493636D1CFAAC9B0038C112 /* Main.storyboard */ = {
			isa = PBXVariantGroup;
			children = (
				C493636E1CFAAC9B0038C112 /* Base */,
			);
			name = Main.storyboard;
			sourceTree = "<group>";
		};
		C49363721CFAAC9B0038C112 /* LaunchScreen.storyboard */ = {
			isa = PBXVariantGroup;
			children = (
				C49363731CFAAC9B0038C112 /* Base */,
			);
			name = LaunchScreen.storyboard;
			sourceTree = "<group>";
		};
/* End PBXVariantGroup section */

/* Begin XCBuildConfiguration section */
		C49363761CFAAC9B0038C112 /* Debug */ = {
			isa = XCBuildConfiguration;
			buildSettings = {
				ALWAYS_SEARCH_USER_PATHS = NO;
				CLANG_ANALYZER_NONNULL = YES;
				CLANG_CXX_LANGUAGE_STANDARD = "gnu++0x";
				CLANG_CXX_LIBRARY = "libc++";
				CLANG_ENABLE_MODULES = YES;
				CLANG_ENABLE_OBJC_ARC = YES;
				CLANG_WARN_BOOL_CONVERSION = YES;
				CLANG_WARN_CONSTANT_CONVERSION = YES;
				CLANG_WARN_DIRECT_OBJC_ISA_USAGE = YES_ERROR;
				CLANG_WARN_EMPTY_BODY = YES;
				CLANG_WARN_ENUM_CONVERSION = YES;
				CLANG_WARN_INT_CONVERSION = YES;
				CLANG_WARN_OBJC_ROOT_CLASS = YES_ERROR;
				CLANG_WARN_UNREACHABLE_CODE = YES;
				CLANG_WARN__DUPLICATE_METHOD_MATCH = YES;
				"CODE_SIGN_IDENTITY[sdk=iphoneos*]" = "iPhone Developer";
				COPY_PHASE_STRIP = NO;
				DEBUG_INFORMATION_FORMAT = dwarf;
				ENABLE_STRICT_OBJC_MSGSEND = YES;
				ENABLE_TESTABILITY = YES;
				GCC_C_LANGUAGE_STANDARD = gnu99;
				GCC_DYNAMIC_NO_PIC = NO;
				GCC_NO_COMMON_BLOCKS = YES;
				GCC_OPTIMIZATION_LEVEL = 0;
				GCC_PREPROCESSOR_DEFINITIONS = (
					"DEBUG=1",
					"$(inherited)",
				);
				GCC_WARN_64_TO_32_BIT_CONVERSION = YES;
				GCC_WARN_ABOUT_RETURN_TYPE = YES_ERROR;
				GCC_WARN_UNDECLARED_SELECTOR = YES;
				GCC_WARN_UNINITIALIZED_AUTOS = YES_AGGRESSIVE;
				GCC_WARN_UNUSED_FUNCTION = YES;
				GCC_WARN_UNUSED_VARIABLE = YES;
				IPHONEOS_DEPLOYMENT_TARGET = 9.3;
				MTL_ENABLE_DEBUG_INFO = YES;
				ONLY_ACTIVE_ARCH = YES;
				SDKROOT = iphoneos;
				SWIFT_OPTIMIZATION_LEVEL = "-Onone";
			};
			name = Debug;
		};
		C49363771CFAAC9B0038C112 /* Release */ = {
			isa = XCBuildConfiguration;
			buildSettings = {
				ALWAYS_SEARCH_USER_PATHS = NO;
				CLANG_ANALYZER_NONNULL = YES;
				CLANG_CXX_LANGUAGE_STANDARD = "gnu++0x";
				CLANG_CXX_LIBRARY = "libc++";
				CLANG_ENABLE_MODULES = YES;
				CLANG_ENABLE_OBJC_ARC = YES;
				CLANG_WARN_BOOL_CONVERSION = YES;
				CLANG_WARN_CONSTANT_CONVERSION = YES;
				CLANG_WARN_DIRECT_OBJC_ISA_USAGE = YES_ERROR;
				CLANG_WARN_EMPTY_BODY = YES;
				CLANG_WARN_ENUM_CONVERSION = YES;
				CLANG_WARN_INT_CONVERSION = YES;
				CLANG_WARN_OBJC_ROOT_CLASS = YES_ERROR;
				CLANG_WARN_UNREACHABLE_CODE = YES;
				CLANG_WARN__DUPLICATE_METHOD_MATCH = YES;
				"CODE_SIGN_IDENTITY[sdk=iphoneos*]" = "iPhone Developer";
				COPY_PHASE_STRIP = NO;
				DEBUG_INFORMATION_FORMAT = "dwarf-with-dsym";
				ENABLE_NS_ASSERTIONS = NO;
				ENABLE_STRICT_OBJC_MSGSEND = YES;
				GCC_C_LANGUAGE_STANDARD = gnu99;
				GCC_NO_COMMON_BLOCKS = YES;
				GCC_WARN_64_TO_32_BIT_CONVERSION = YES;
				GCC_WARN_ABOUT_RETURN_TYPE = YES_ERROR;
				GCC_WARN_UNDECLARED_SELECTOR = YES;
				GCC_WARN_UNINITIALIZED_AUTOS = YES_AGGRESSIVE;
				GCC_WARN_UNUSED_FUNCTION = YES;
				GCC_WARN_UNUSED_VARIABLE = YES;
				IPHONEOS_DEPLOYMENT_TARGET = 9.3;
				MTL_ENABLE_DEBUG_INFO = NO;
				SDKROOT = iphoneos;
				VALIDATE_PRODUCT = YES;
			};
			name = Release;
		};
		C49363791CFAAC9B0038C112 /* Debug */ = {
			isa = XCBuildConfiguration;
			buildSettings = {
				ASSETCATALOG_COMPILER_APPICON_NAME = AppIcon;
				INFOPLIST_FILE = UIViewOntrollerProject_CreateViewController/Info.plist;
				LD_RUNPATH_SEARCH_PATHS = "$(inherited) @executable_path/Frameworks";
				PRODUCT_BUNDLE_IDENTIFIER = "com.coolketang.UIViewOntrollerProject-CreateViewController";
				PRODUCT_NAME = "$(TARGET_NAME)";
				SWIFT_SWIFT3_OBJC_INFERENCE = On;
				SWIFT_VERSION = 4.0;
			};
			name = Debug;
		};
		C493637A1CFAAC9B0038C112 /* Release */ = {
			isa = XCBuildConfiguration;
			buildSettings = {
				ASSETCATALOG_COMPILER_APPICON_NAME = AppIcon;
				INFOPLIST_FILE = UIViewOntrollerProject_CreateViewController/Info.plist;
				LD_RUNPATH_SEARCH_PATHS = "$(inherited) @executable_path/Frameworks";
				PRODUCT_BUNDLE_IDENTIFIER = "com.coolketang.UIViewOntrollerProject-CreateViewController";
				PRODUCT_NAME = "$(TARGET_NAME)";
				SWIFT_SWIFT3_OBJC_INFERENCE = On;
				SWIFT_VERSION = 4.0;
			};
			name = Release;
		};
/* End XCBuildConfiguration section */

/* Begin XCConfigurationList section */
		C49363611CFAAC9A0038C112 /* Build configuration list for PBXProject "UIViewOntrollerProject_CreateViewController" */ = {
			isa = XCConfigurationList;
			buildConfigurations = (
				C49363761CFAAC9B0038C112 /* Debug */,
				C49363771CFAAC9B0038C112 /* Release */,
			);
			defaultConfigurationIsVisible = 0;
			defaultConfigurationName = Release;
		};
		C49363781CFAAC9B0038C112 /* Build configuration list for PBXNativeTarget "UIViewOntrollerProject_CreateViewController" */ = {
			isa = XCConfigurationList;
			buildConfigurations = (
				C49363791CFAAC9B0038C112 /* Debug */,
				C493637A1CFAAC9B0038C112 /* Release */,
			);
			defaultConfigurationIsVisible = 0;
			defaultConfigurationName = Release;
		};
/* End XCConfigurationList section */
	};
	rootObject = C493635E1CFAAC9A0038C112 /* Project object */;
}
