// !$*UTF8*$!
{
	archiveVersion = 1;
	classes = {
	};
	objectVersion = 46;
	objects = {

/* Begin PBXBuildFile section */
		C48CEE7B1D4082A80084BD28 /* AppDelegate.swift in Sources */ = {isa = PBXBuildFile; fileRef = C48CEE7A1D4082A80084BD28 /* AppDelegate.swift */; };
		C48CEE7D1D4082A80084BD28 /* ViewController.swift in Sources */ = {isa = PBXBuildFile; fileRef = C48CEE7C1D4082A80084BD28 /* ViewController.swift */; };
		C48CEE801D4082A80084BD28 /* Main.storyboard in Resources */ = {isa = PBXBuildFile; fileRef = C48CEE7E1D4082A80084BD28 /* Main.storyboard */; };
		C48CEE821D4082A80084BD28 /* Assets.xcassets in Resources */ = {isa = PBXBuildFile; fileRef = C48CEE811D4082A80084BD28 /* Assets.xcassets */; };
		C48CEE851D4082A80084BD28 /* LaunchScreen.storyboard in Resources */ = {isa = PBXBuildFile; fileRef = C48CEE831D4082A80084BD28 /* LaunchScreen.storyboard */; };
/* End PBXBuildFile section */

/* Begin PBXFileReference section */
		C48CEE771D4082A80084BD28 /* 24.1.1SecurityProject_3DES.app */ = {isa = PBXFileReference; explicitFileType = wrapper.application; includeInIndex = 0; path = 24.1.1SecurityProject_3DES.app; sourceTree = BUILT_PRODUCTS_DIR; };
		C48CEE7A1D4082A80084BD28 /* AppDelegate.swift */ = {isa = PBXFileReference; lastKnownFileType = sourcecode.swift; path = AppDelegate.swift; sourceTree = "<group>"; };
		C48CEE7C1D4082A80084BD28 /* ViewController.swift */ = {isa = PBXFileReference; lastKnownFileType = sourcecode.swift; path = ViewController.swift; sourceTree = "<group>"; };
		C48CEE7F1D4082A80084BD28 /* Base */ = {isa = PBXFileReference; lastKnownFileType = file.storyboard; name = Base; path = Base.lproj/Main.storyboard; sourceTree = "<group>"; };
		C48CEE811D4082A80084BD28 /* Assets.xcassets */ = {isa = PBXFileReference; lastKnownFileType = folder.assetcatalog; path = Assets.xcassets; sourceTree = "<group>"; };
		C48CEE841D4082A80084BD28 /* Base */ = {isa = PBXFileReference; lastKnownFileType = file.storyboard; name = Base; path = Base.lproj/LaunchScreen.storyboard; sourceTree = "<group>"; };
		C48CEE861D4082A80084BD28 /* Info.plist */ = {isa = PBXFileReference; lastKnownFileType = text.plist.xml; path = Info.plist; sourceTree = "<group>"; };
		C48CEE8E1D409D000084BD28 /* 24.1.1SecurityProject_3DES-Bridging-Header.h */ = {isa = PBXFileReference; lastKnownFileType = sourcecode.c.h; path = "24.1.1SecurityProject_3DES-Bridging-Header.h"; sourceTree = "<group>"; };
/* End PBXFileReference section */

/* Begin PBXFrameworksBuildPhase section */
		C48CEE741D4082A80084BD28 /* Frameworks */ = {
			isa = PBXFrameworksBuildPhase;
			buildActionMask = 2147483647;
			files = (
			);
			runOnlyForDeploymentPostprocessing = 0;
		};
/* End PBXFrameworksBuildPhase section */

/* Begin PBXGroup section */
		C48CEE6E1D4082A80084BD28 = {
			isa = PBXGroup;
			children = (
				C48CEE791D4082A80084BD28 /* 24.1.1SecurityProject_3DES */,
				C48CEE781D4082A80084BD28 /* Products */,
			);
			sourceTree = "<group>";
		};
		C48CEE781D4082A80084BD28 /* Products */ = {
			isa = PBXGroup;
			children = (
				C48CEE771D4082A80084BD28 /* 24.1.1SecurityProject_3DES.app */,
			);
			name = Products;
			sourceTree = "<group>";
		};
		C48CEE791D4082A80084BD28 /* 24.1.1SecurityProject_3DES */ = {
			isa = PBXGroup;
			children = (
				C48CEE7A1D4082A80084BD28 /* AppDelegate.swift */,
				C48CEE7C1D4082A80084BD28 /* ViewController.swift */,
				C48CEE7E1D4082A80084BD28 /* Main.storyboard */,
				C48CEE811D4082A80084BD28 /* Assets.xcassets */,
				C48CEE831D4082A80084BD28 /* LaunchScreen.storyboard */,
				C48CEE861D4082A80084BD28 /* Info.plist */,
				C48CEE8E1D409D000084BD28 /* 24.1.1SecurityProject_3DES-Bridging-Header.h */,
			);
			path = 24.1.1SecurityProject_3DES;
			sourceTree = "<group>";
		};
/* End PBXGroup section */

/* Begin PBXNativeTarget section */
		C48CEE761D4082A80084BD28 /* 24.1.1SecurityProject_3DES */ = {
			isa = PBXNativeTarget;
			buildConfigurationList = C48CEE891D4082A80084BD28 /* Build configuration list for PBXNativeTarget "24.1.1SecurityProject_3DES" */;
			buildPhases = (
				C48CEE731D4082A80084BD28 /* Sources */,
				C48CEE741D4082A80084BD28 /* Frameworks */,
				C48CEE751D4082A80084BD28 /* Resources */,
			);
			buildRules = (
			);
			dependencies = (
			);
			name = 24.1.1SecurityProject_3DES;
			productName = 24.1.1SecurityProject_3DES;
			productReference = C48CEE771D4082A80084BD28 /* 24.1.1SecurityProject_3DES.app */;
			productType = "com.apple.product-type.application";
		};
/* End PBXNativeTarget section */

/* Begin PBXProject section */
		C48CEE6F1D4082A80084BD28 /* Project object */ = {
			isa = PBXProject;
			attributes = {
				LastSwiftUpdateCheck = 0800;
				LastUpgradeCheck = 0800;
				ORGANIZATIONNAME = www.coolketang.com;
				TargetAttributes = {
					C48CEE761D4082A80084BD28 = {
						CreatedOnToolsVersion = 8.0;
						DevelopmentTeam = N43JNYX84B;
						DevelopmentTeamName = "Li Fazhan";
						LastSwiftMigration = 0920;
						ProvisioningStyle = Automatic;
					};
				};
			};
			buildConfigurationList = C48CEE721D4082A80084BD28 /* Build configuration list for PBXProject "24.1.1SecurityProject_3DES" */;
			compatibilityVersion = "Xcode 3.2";
			developmentRegion = English;
			hasScannedForEncodings = 0;
			knownRegions = (
				en,
				Base,
			);
			mainGroup = C48CEE6E1D4082A80084BD28;
			productRefGroup = C48CEE781D4082A80084BD28 /* Products */;
			projectDirPath = "";
			projectRoot = "";
			targets = (
				C48CEE761D4082A80084BD28 /* 24.1.1SecurityProject_3DES */,
			);
		};
/* End PBXProject section */

/* Begin PBXResourcesBuildPhase section */
		C48CEE751D4082A80084BD28 /* Resources */ = {
			isa = PBXResourcesBuildPhase;
			buildActionMask = 2147483647;
			files = (
				C48CEE851D4082A80084BD28 /* LaunchScreen.storyboard in Resources */,
				C48CEE821D4082A80084BD28 /* Assets.xcassets in Resources */,
				C48CEE801D4082A80084BD28 /* Main.storyboard in Resources */,
			);
			runOnlyForDeploymentPostprocessing = 0;
		};
/* End PBXResourcesBuildPhase section */

/* Begin PBXSourcesBuildPhase section */
		C48CEE731D4082A80084BD28 /* Sources */ = {
			isa = PBXSourcesBuildPhase;
			buildActionMask = 2147483647;
			files = (
				C48CEE7D1D4082A80084BD28 /* ViewController.swift in Sources */,
				C48CEE7B1D4082A80084BD28 /* AppDelegate.swift in Sources */,
			);
			runOnlyForDeploymentPostprocessing = 0;
		};
/* End PBXSourcesBuildPhase section */

/* Begin PBXVariantGroup section */
		C48CEE7E1D4082A80084BD28 /* Main.storyboard */ = {
			isa = PBXVariantGroup;
			children = (
				C48CEE7F1D4082A80084BD28 /* Base */,
			);
			name = Main.storyboard;
			sourceTree = "<group>";
		};
		C48CEE831D4082A80084BD28 /* LaunchScreen.storyboard */ = {
			isa = PBXVariantGroup;
			children = (
				C48CEE841D4082A80084BD28 /* Base */,
			);
			name = LaunchScreen.storyboard;
			sourceTree = "<group>";
		};
/* End PBXVariantGroup section */

/* Begin XCBuildConfiguration section */
		C48CEE871D4082A80084BD28 /* Debug */ = {
			isa = XCBuildConfiguration;
			buildSettings = {
				ALWAYS_SEARCH_USER_PATHS = NO;
				CLANG_ANALYZER_NONNULL = YES;
				CLANG_CXX_LANGUAGE_STANDARD = "gnu++0x";
				CLANG_CXX_LIBRARY = "libc++";
				CLANG_ENABLE_MODULES = YES;
				CLANG_ENABLE_OBJC_ARC = YES;
				CLANG_WARN_BOOL_CONVERSION = YES;
				CLANG_WARN_CONSTANT_CONVERSION = YES;
				CLANG_WARN_DIRECT_OBJC_ISA_USAGE = YES_ERROR;
				CLANG_WARN_DOCUMENTATION_COMMENTS = YES;
				CLANG_WARN_EMPTY_BODY = YES;
				CLANG_WARN_ENUM_CONVERSION = YES;
				CLANG_WARN_INT_CONVERSION = YES;
				CLANG_WARN_OBJC_ROOT_CLASS = YES_ERROR;
				CLANG_WARN_UNREACHABLE_CODE = YES;
				CLANG_WARN__DUPLICATE_METHOD_MATCH = YES;
				"CODE_SIGN_IDENTITY[sdk=iphoneos*]" = "iPhone Developer";
				COPY_PHASE_STRIP = NO;
				DEBUG_INFORMATION_FORMAT = dwarf;
				ENABLE_STRICT_OBJC_MSGSEND = YES;
				ENABLE_TESTABILITY = YES;
				GCC_C_LANGUAGE_STANDARD = gnu99;
				GCC_DYNAMIC_NO_PIC = NO;
				GCC_NO_COMMON_BLOCKS = YES;
				GCC_OPTIMIZATION_LEVEL = 0;
				GCC_PREPROCESSOR_DEFINITIONS = (
					"DEBUG=1",
					"$(inherited)",
				);
				GCC_WARN_64_TO_32_BIT_CONVERSION = YES;
				GCC_WARN_ABOUT_RETURN_TYPE = YES_ERROR;
				GCC_WARN_UNDECLARED_SELECTOR = YES;
				GCC_WARN_UNINITIALIZED_AUTOS = YES_AGGRESSIVE;
				GCC_WARN_UNUSED_FUNCTION = YES;
				GCC_WARN_UNUSED_VARIABLE = YES;
				IPHONEOS_DEPLOYMENT_TARGET = 10.0;
				MTL_ENABLE_DEBUG_INFO = YES;
				ONLY_ACTIVE_ARCH = YES;
				SDKROOT = iphoneos;
				SWIFT_ACTIVE_COMPILATION_CONDITIONS = DEBUG;
				SWIFT_OPTIMIZATION_LEVEL = "-Onone";
				TARGETED_DEVICE_FAMILY = "1,2";
			};
			name = Debug;
		};
		C48CEE881D4082A80084BD28 /* Release */ = {
			isa = XCBuildConfiguration;
			buildSettings = {
				ALWAYS_SEARCH_USER_PATHS = NO;
				CLANG_ANALYZER_NONNULL = YES;
				CLANG_CXX_LANGUAGE_STANDARD = "gnu++0x";
				CLANG_CXX_LIBRARY = "libc++";
				CLANG_ENABLE_MODULES = YES;
				CLANG_ENABLE_OBJC_ARC = YES;
				CLANG_WARN_BOOL_CONVERSION = YES;
				CLANG_WARN_CONSTANT_CONVERSION = YES;
				CLANG_WARN_DIRECT_OBJC_ISA_USAGE = YES_ERROR;
				CLANG_WARN_DOCUMENTATION_COMMENTS = YES;
				CLANG_WARN_EMPTY_BODY = YES;
				CLANG_WARN_ENUM_CONVERSION = YES;
				CLANG_WARN_INT_CONVERSION = YES;
				CLANG_WARN_OBJC_ROOT_CLASS = YES_ERROR;
				CLANG_WARN_UNREACHABLE_CODE = YES;
				CLANG_WARN__DUPLICATE_METHOD_MATCH = YES;
				"CODE_SIGN_IDENTITY[sdk=iphoneos*]" = "iPhone Developer";
				COPY_PHASE_STRIP = NO;
				DEBUG_INFORMATION_FORMAT = "dwarf-with-dsym";
				ENABLE_NS_ASSERTIONS = NO;
				ENABLE_STRICT_OBJC_MSGSEND = YES;
				GCC_C_LANGUAGE_STANDARD = gnu99;
				GCC_NO_COMMON_BLOCKS = YES;
				GCC_WARN_64_TO_32_BIT_CONVERSION = YES;
				GCC_WARN_ABOUT_RETURN_TYPE = YES_ERROR;
				GCC_WARN_UNDECLARED_SELECTOR = YES;
				GCC_WARN_UNINITIALIZED_AUTOS = YES_AGGRESSIVE;
				GCC_WARN_UNUSED_FUNCTION = YES;
				GCC_WARN_UNUSED_VARIABLE = YES;
				IPHONEOS_DEPLOYMENT_TARGET = 10.0;
				MTL_ENABLE_DEBUG_INFO = NO;
				SDKROOT = iphoneos;
				SWIFT_OPTIMIZATION_LEVEL = "-Owholemodule";
				TARGETED_DEVICE_FAMILY = "1,2";
				VALIDATE_PRODUCT = YES;
			};
			name = Release;
		};
		C48CEE8A1D4082A80084BD28 /* Debug */ = {
			isa = XCBuildConfiguration;
			buildSettings = {
				ASSETCATALOG_COMPILER_APPICON_NAME = AppIcon;
				INFOPLIST_FILE = 24.1.1SecurityProject_3DES/Info.plist;
				LD_RUNPATH_SEARCH_PATHS = "$(inherited) @executable_path/Frameworks";
				PRODUCT_BUNDLE_IDENTIFIER = "com.tapinfinity.-4-1-1SecurityProject-3DES";
				PRODUCT_NAME = "$(TARGET_NAME)";
				SWIFT_OBJC_BRIDGING_HEADER = "24.1.1SecurityProject_3DES/24.1.1SecurityProject_3DES-Bridging-Header.h";
				SWIFT_SWIFT3_OBJC_INFERENCE = On;
				SWIFT_VERSION = 4.0;
			};
			name = Debug;
		};
		C48CEE8B1D4082A80084BD28 /* Release */ = {
			isa = XCBuildConfiguration;
			buildSettings = {
				ASSETCATALOG_COMPILER_APPICON_NAME = AppIcon;
				INFOPLIST_FILE = 24.1.1SecurityProject_3DES/Info.plist;
				LD_RUNPATH_SEARCH_PATHS = "$(inherited) @executable_path/Frameworks";
				PRODUCT_BUNDLE_IDENTIFIER = "com.tapinfinity.-4-1-1SecurityProject-3DES";
				PRODUCT_NAME = "$(TARGET_NAME)";
				SWIFT_OBJC_BRIDGING_HEADER = "24.1.1SecurityProject_3DES/24.1.1SecurityProject_3DES-Bridging-Header.h";
				SWIFT_SWIFT3_OBJC_INFERENCE = On;
				SWIFT_VERSION = 4.0;
			};
			name = Release;
		};
/* End XCBuildConfiguration section */

/* Begin XCConfigurationList section */
		C48CEE721D4082A80084BD28 /* Build configuration list for PBXProject "24.1.1SecurityProject_3DES" */ = {
			isa = XCConfigurationList;
			buildConfigurations = (
				C48CEE871D4082A80084BD28 /* Debug */,
				C48CEE881D4082A80084BD28 /* Release */,
			);
			defaultConfigurationIsVisible = 0;
			defaultConfigurationName = Release;
		};
		C48CEE891D4082A80084BD28 /* Build configuration list for PBXNativeTarget "24.1.1SecurityProject_3DES" */ = {
			isa = XCConfigurationList;
			buildConfigurations = (
				C48CEE8A1D4082A80084BD28 /* Debug */,
				C48CEE8B1D4082A80084BD28 /* Release */,
			);
			defaultConfigurationIsVisible = 0;
			defaultConfigurationName = Release;
		};
/* End XCConfigurationList section */
	};
	rootObject = C48CEE6F1D4082A80084BD28 /* Project object */;
}
